# THIS IS AN AUTOGENERATED FILE. DO NOT EDIT THIS FILE DIRECTLY.
# yarn lockfile v1


"holojs@git+ssh://git@github.com/Holo-Host/holo.js":
  version "0.1.0"
  resolved "git+ssh://git@github.com/Holo-Host/holo.js#aba0de2b81ec3b3df7106623a0542cf70d6aa692"
  dependencies:
    immutable "^3.8.2"
    typescript "^3.0.1"

immutable@^3.8.2:
  version "3.8.2"
  resolved "https://registry.yarnpkg.com/immutable/-/immutable-3.8.2.tgz#c2439951455bb39913daf281376f1530e104adf3"

typescript@^3.0.1:
  version "3.0.3"
  resolved "https://registry.yarnpkg.com/typescript/-/typescript-3.0.3.tgz#4853b3e275ecdaa27f78fda46dc273a7eb7fc1c8"
